// !$*UTF8*$!
{
	archiveVersion = 1;
	classes = {
	};
	objectVersion = 50;
	objects = {

/* Begin PBXBuildFile section */
		00649EDE2586BECE00FE61BA /* AppDelegate.swift in Sources */ = {isa = PBXBuildFile; fileRef = 00649EDD2586BECE00FE61BA /* AppDelegate.swift */; };
		00649EE02586BECE00FE61BA /* SceneDelegate.swift in Sources */ = {isa = PBXBuildFile; fileRef = 00649EDF2586BECE00FE61BA /* SceneDelegate.swift */; };
		00649EE22586BECE00FE61BA /* ViewController.swift in Sources */ = {isa = PBXBuildFile; fileRef = 00649EE12586BECE00FE61BA /* ViewController.swift */; };
		00649EE52586BECE00FE61BA /* Main.storyboard in Resources */ = {isa = PBXBuildFile; fileRef = 00649EE32586BECE00FE61BA /* Main.storyboard */; };
		00649EE72586BED300FE61BA /* Assets.xcassets in Resources */ = {isa = PBXBuildFile; fileRef = 00649EE62586BED300FE61BA /* Assets.xcassets */; };
		00649EEA2586BED300FE61BA /* LaunchScreen.storyboard in Resources */ = {isa = PBXBuildFile; fileRef = 00649EE82586BED300FE61BA /* LaunchScreen.storyboard */; };
		00649EF52586BED300FE61BA /* QuizAppTests.swift in Sources */ = {isa = PBXBuildFile; fileRef = 00649EF42586BED300FE61BA /* QuizAppTests.swift */; };
		00649F002586BED300FE61BA /* QuizAppUITests.swift in Sources */ = {isa = PBXBuildFile; fileRef = 00649EFF2586BED300FE61BA /* QuizAppUITests.swift */; };
		00649F112586E79E00FE61BA /* Question.swift in Sources */ = {isa = PBXBuildFile; fileRef = 00649F102586E79E00FE61BA /* Question.swift */; };
		00649F162588E3E100FE61BA /* StartViewController.swift in Sources */ = {isa = PBXBuildFile; fileRef = 00649F152588E3E100FE61BA /* StartViewController.swift */; };
/* End PBXBuildFile section */

/* Begin PBXContainerItemProxy section */
		00649EF12586BED300FE61BA /* PBXContainerItemProxy */ = {
			isa = PBXContainerItemProxy;
			containerPortal = 00649ED22586BECD00FE61BA /* Project object */;
			proxyType = 1;
			remoteGlobalIDString = 00649ED92586BECD00FE61BA;
			remoteInfo = QuizApp;
		};
		00649EFC2586BED300FE61BA /* PBXContainerItemProxy */ = {
			isa = PBXContainerItemProxy;
			containerPortal = 00649ED22586BECD00FE61BA /* Project object */;
			proxyType = 1;
			remoteGlobalIDString = 00649ED92586BECD00FE61BA;
			remoteInfo = QuizApp;
		};
/* End PBXContainerItemProxy section */

/* Begin PBXFileReference section */
		00649EDA2586BECD00FE61BA /* QuizApp.app */ = {isa = PBXFileReference; explicitFileType = wrapper.application; includeInIndex = 0; path = QuizApp.app; sourceTree = BUILT_PRODUCTS_DIR; };
		00649EDD2586BECE00FE61BA /* AppDelegate.swift */ = {isa = PBXFileReference; lastKnownFileType = sourcecode.swift; path = AppDelegate.swift; sourceTree = "<group>"; };
		00649EDF2586BECE00FE61BA /* SceneDelegate.swift */ = {isa = PBXFileReference; lastKnownFileType = sourcecode.swift; path = SceneDelegate.swift; sourceTree = "<group>"; };
		00649EE12586BECE00FE61BA /* ViewController.swift */ = {isa = PBXFileReference; lastKnownFileType = sourcecode.swift; path = ViewController.swift; sourceTree = "<group>"; };
		00649EE42586BECE00FE61BA /* Base */ = {isa = PBXFileReference; lastKnownFileType = file.storyboard; name = Base; path = Base.lproj/Main.storyboard; sourceTree = "<group>"; };
		00649EE62586BED300FE61BA /* Assets.xcassets */ = {isa = PBXFileReference; lastKnownFileType = folder.assetcatalog; path = Assets.xcassets; sourceTree = "<group>"; };
		00649EE92586BED300FE61BA /* Base */ = {isa = PBXFileReference; lastKnownFileType = file.storyboard; name = Base; path = Base.lproj/LaunchScreen.storyboard; sourceTree = "<group>"; };
		00649EEB2586BED300FE61BA /* Info.plist */ = {isa = PBXFileReference; lastKnownFileType = text.plist.xml; path = Info.plist; sourceTree = "<group>"; };
		00649EF02586BED300FE61BA /* QuizAppTests.xctest */ = {isa = PBXFileReference; explicitFileType = wrapper.cfbundle; includeInIndex = 0; path = QuizAppTests.xctest; sourceTree = BUILT_PRODUCTS_DIR; };
		00649EF42586BED300FE61BA /* QuizAppTests.swift */ = {isa = PBXFileReference; lastKnownFileType = sourcecode.swift; path = QuizAppTests.swift; sourceTree = "<group>"; };
		00649EF62586BED300FE61BA /* Info.plist */ = {isa = PBXFileReference; lastKnownFileType = text.plist.xml; path = Info.plist; sourceTree = "<group>"; };
		00649EFB2586BED300FE61BA /* QuizAppUITests.xctest */ = {isa = PBXFileReference; explicitFileType = wrapper.cfbundle; includeInIndex = 0; path = QuizAppUITests.xctest; sourceTree = BUILT_PRODUCTS_DIR; };
		00649EFF2586BED300FE61BA /* QuizAppUITests.swift */ = {isa = PBXFileReference; lastKnownFileType = sourcecode.swift; path = QuizAppUITests.swift; sourceTree = "<group>"; };
		00649F012586BED300FE61BA /* Info.plist */ = {isa = PBXFileReference; lastKnownFileType = text.plist.xml; path = Info.plist; sourceTree = "<group>"; };
		00649F102586E79E00FE61BA /* Question.swift */ = {isa = PBXFileReference; lastKnownFileType = sourcecode.swift; path = Question.swift; sourceTree = "<group>"; };
		00649F152588E3E100FE61BA /* StartViewController.swift */ = {isa = PBXFileReference; lastKnownFileType = sourcecode.swift; path = StartViewController.swift; sourceTree = "<group>"; };
/* End PBXFileReference section */

/* Begin PBXFrameworksBuildPhase section */
		00649ED72586BECD00FE61BA /* Frameworks */ = {
			isa = PBXFrameworksBuildPhase;
			buildActionMask = 2147483647;
			files = (
			);
			runOnlyForDeploymentPostprocessing = 0;
		};
		00649EED2586BED300FE61BA /* Frameworks */ = {
			isa = PBXFrameworksBuildPhase;
			buildActionMask = 2147483647;
			files = (
			);
			runOnlyForDeploymentPostprocessing = 0;
		};
		00649EF82586BED300FE61BA /* Frameworks */ = {
			isa = PBXFrameworksBuildPhase;
			buildActionMask = 2147483647;
			files = (
			);
			runOnlyForDeploymentPostprocessing = 0;
		};
/* End PBXFrameworksBuildPhase section */

/* Begin PBXGroup section */
		00649ED12586BECD00FE61BA = {
			isa = PBXGroup;
			children = (
				00649EDC2586BECE00FE61BA /* QuizApp */,
				00649EF32586BED300FE61BA /* QuizAppTests */,
				00649EFE2586BED300FE61BA /* QuizAppUITests */,
				00649EDB2586BECD00FE61BA /* Products */,
			);
			sourceTree = "<group>";
		};
		00649EDB2586BECD00FE61BA /* Products */ = {
			isa = PBXGroup;
			children = (
				00649EDA2586BECD00FE61BA /* QuizApp.app */,
				00649EF02586BED300FE61BA /* QuizAppTests.xctest */,
				00649EFB2586BED300FE61BA /* QuizAppUITests.xctest */,
			);
			name = Products;
			sourceTree = "<group>";
		};
		00649EDC2586BECE00FE61BA /* QuizApp */ = {
			isa = PBXGroup;
			children = (
				00649EDD2586BECE00FE61BA /* AppDelegate.swift */,
				00649EDF2586BECE00FE61BA /* SceneDelegate.swift */,
				00649EE12586BECE00FE61BA /* ViewController.swift */,
				00649F102586E79E00FE61BA /* Question.swift */,
				00649EE32586BECE00FE61BA /* Main.storyboard */,
				00649F152588E3E100FE61BA /* StartViewController.swift */,
				00649EE62586BED300FE61BA /* Assets.xcassets */,
				00649EE82586BED300FE61BA /* LaunchScreen.storyboard */,
				00649EEB2586BED300FE61BA /* Info.plist */,
			);
			path = QuizApp;
			sourceTree = "<group>";
		};
		00649EF32586BED300FE61BA /* QuizAppTests */ = {
			isa = PBXGroup;
			children = (
				00649EF42586BED300FE61BA /* QuizAppTests.swift */,
				00649EF62586BED300FE61BA /* Info.plist */,
			);
			path = QuizAppTests;
			sourceTree = "<group>";
		};
		00649EFE2586BED300FE61BA /* QuizAppUITests */ = {
			isa = PBXGroup;
			children = (
				00649EFF2586BED300FE61BA /* QuizAppUITests.swift */,
				00649F012586BED300FE61BA /* Info.plist */,
			);
			path = QuizAppUITests;
			sourceTree = "<group>";
		};
/* End PBXGroup section */

/* Begin PBXNativeTarget section */
		00649ED92586BECD00FE61BA /* QuizApp */ = {
			isa = PBXNativeTarget;
			buildConfigurationList = 00649F042586BED300FE61BA /* Build configuration list for PBXNativeTarget "QuizApp" */;
			buildPhases = (
				00649ED62586BECD00FE61BA /* Sources */,
				00649ED72586BECD00FE61BA /* Frameworks */,
				00649ED82586BECD00FE61BA /* Resources */,
			);
			buildRules = (
			);
			dependencies = (
			);
			name = QuizApp;
			productName = QuizApp;
			productReference = 00649EDA2586BECD00FE61BA /* QuizApp.app */;
			productType = "com.apple.product-type.application";
		};
		00649EEF2586BED300FE61BA /* QuizAppTests */ = {
			isa = PBXNativeTarget;
			buildConfigurationList = 00649F072586BED300FE61BA /* Build configuration list for PBXNativeTarget "QuizAppTests" */;
			buildPhases = (
				00649EEC2586BED300FE61BA /* Sources */,
				00649EED2586BED300FE61BA /* Frameworks */,
				00649EEE2586BED300FE61BA /* Resources */,
			);
			buildRules = (
			);
			dependencies = (
				00649EF22586BED300FE61BA /* PBXTargetDependency */,
			);
			name = QuizAppTests;
			productName = QuizAppTests;
			productReference = 00649EF02586BED300FE61BA /* QuizAppTests.xctest */;
			productType = "com.apple.product-type.bundle.unit-test";
		};
		00649EFA2586BED300FE61BA /* QuizAppUITests */ = {
			isa = PBXNativeTarget;
			buildConfigurationList = 00649F0A2586BED300FE61BA /* Build configuration list for PBXNativeTarget "QuizAppUITests" */;
			buildPhases = (
				00649EF72586BED300FE61BA /* Sources */,
				00649EF82586BED300FE61BA /* Frameworks */,
				00649EF92586BED300FE61BA /* Resources */,
			);
			buildRules = (
			);
			dependencies = (
				00649EFD2586BED300FE61BA /* PBXTargetDependency */,
			);
			name = QuizAppUITests;
			productName = QuizAppUITests;
			productReference = 00649EFB2586BED300FE61BA /* QuizAppUITests.xctest */;
			productType = "com.apple.product-type.bundle.ui-testing";
		};
/* End PBXNativeTarget section */

/* Begin PBXProject section */
		00649ED22586BECD00FE61BA /* Project object */ = {
			isa = PBXProject;
			attributes = {
				LastSwiftUpdateCheck = 1230;
				LastUpgradeCheck = 1230;
				TargetAttributes = {
					00649ED92586BECD00FE61BA = {
						CreatedOnToolsVersion = 12.3;
					};
					00649EEF2586BED300FE61BA = {
						CreatedOnToolsVersion = 12.3;
						TestTargetID = 00649ED92586BECD00FE61BA;
					};
					00649EFA2586BED300FE61BA = {
						CreatedOnToolsVersion = 12.3;
						TestTargetID = 00649ED92586BECD00FE61BA;
					};
				};
			};
			buildConfigurationList = 00649ED52586BECD00FE61BA /* Build configuration list for PBXProject "QuizApp" */;
			compatibilityVersion = "Xcode 9.3";
			developmentRegion = en;
			hasScannedForEncodings = 0;
			knownRegions = (
				en,
				Base,
			);
			mainGroup = 00649ED12586BECD00FE61BA;
			productRefGroup = 00649EDB2586BECD00FE61BA /* Products */;
			projectDirPath = "";
			projectRoot = "";
			targets = (
				00649ED92586BECD00FE61BA /* QuizApp */,
				00649EEF2586BED300FE61BA /* QuizAppTests */,
				00649EFA2586BED300FE61BA /* QuizAppUITests */,
			);
		};
/* End PBXProject section */

/* Begin PBXResourcesBuildPhase section */
		00649ED82586BECD00FE61BA /* Resources */ = {
			isa = PBXResourcesBuildPhase;
			buildActionMask = 2147483647;
			files = (
				00649EEA2586BED300FE61BA /* LaunchScreen.storyboard in Resources */,
				00649EE72586BED300FE61BA /* Assets.xcassets in Resources */,
				00649EE52586BECE00FE61BA /* Main.storyboard in Resources */,
			);
			runOnlyForDeploymentPostprocessing = 0;
		};
		00649EEE2586BED300FE61BA /* Resources */ = {
			isa = PBXResourcesBuildPhase;
			buildActionMask = 2147483647;
			files = (
			);
			runOnlyForDeploymentPostprocessing = 0;
		};
		00649EF92586BED300FE61BA /* Resources */ = {
			isa = PBXResourcesBuildPhase;
			buildActionMask = 2147483647;
			files = (
			);
			runOnlyForDeploymentPostprocessing = 0;
		};
/* End PBXResourcesBuildPhase section */

/* Begin PBXSourcesBuildPhase section */
		00649ED62586BECD00FE61BA /* Sources */ = {
			isa = PBXSourcesBuildPhase;
			buildActionMask = 2147483647;
			files = (
				00649F162588E3E100FE61BA /* StartViewController.swift in Sources */,
				00649EE22586BECE00FE61BA /* ViewController.swift in Sources */,
				00649F112586E79E00FE61BA /* Question.swift in Sources */,
				00649EDE2586BECE00FE61BA /* AppDelegate.swift in Sources */,
				00649EE02586BECE00FE61BA /* SceneDelegate.swift in Sources */,
			);
			runOnlyForDeploymentPostprocessing = 0;
		};
		00649EEC2586BED300FE61BA /* Sources */ = {
			isa = PBXSourcesBuildPhase;
			buildActionMask = 2147483647;
			files = (
				00649EF52586BED300FE61BA /* QuizAppTests.swift in Sources */,
			);
			runOnlyForDeploymentPostprocessing = 0;
		};
		00649EF72586BED300FE61BA /* Sources */ = {
			isa = PBXSourcesBuildPhase;
			buildActionMask = 2147483647;
			files = (
				00649F002586BED300FE61BA /* QuizAppUITests.swift in Sources */,
			);
			runOnlyForDeploymentPostprocessing = 0;
		};
/* End PBXSourcesBuildPhase section */

/* Begin PBXTargetDependency section */
		00649EF22586BED300FE61BA /* PBXTargetDependency */ = {
			isa = PBXTargetDependency;
			target = 00649ED92586BECD00FE61BA /* QuizApp */;
			targetProxy = 00649EF12586BED300FE61BA /* PBXContainerItemProxy */;
		};
		00649EFD2586BED300FE61BA /* PBXTargetDependency */ = {
			isa = PBXTargetDependency;
			target = 00649ED92586BECD00FE61BA /* QuizApp */;
			targetProxy = 00649EFC2586BED300FE61BA /* PBXContainerItemProxy */;
		};
/* End PBXTargetDependency section */

/* Begin PBXVariantGroup section */
		00649EE32586BECE00FE61BA /* Main.storyboard */ = {
			isa = PBXVariantGroup;
			children = (
				00649EE42586BECE00FE61BA /* Base */,
			);
			name = Main.storyboard;
			sourceTree = "<group>";
		};
		00649EE82586BED300FE61BA /* LaunchScreen.storyboard */ = {
			isa = PBXVariantGroup;
			children = (
				00649EE92586BED300FE61BA /* Base */,
			);
			name = LaunchScreen.storyboard;
			sourceTree = "<group>";
		};
/* End PBXVariantGroup section */

/* Begin XCBuildConfiguration section */
		00649F022586BED300FE61BA /* Debug */ = {
			isa = XCBuildConfiguration;
			buildSettings = {
				ALWAYS_SEARCH_USER_PATHS = NO;
				CLANG_ANALYZER_NONNULL = YES;
				CLANG_ANALYZER_NUMBER_OBJECT_CONVERSION = YES_AGGRESSIVE;
				CLANG_CXX_LANGUAGE_STANDARD = "gnu++14";
				CLANG_CXX_LIBRARY = "libc++";
				CLANG_ENABLE_MODULES = YES;
				CLANG_ENABLE_OBJC_ARC = YES;
				CLANG_ENABLE_OBJC_WEAK = YES;
				CLANG_WARN_BLOCK_CAPTURE_AUTORELEASING = YES;
				CLANG_WARN_BOOL_CONVERSION = YES;
				CLANG_WARN_COMMA = YES;
				CLANG_WARN_CONSTANT_CONVERSION = YES;
				CLANG_WARN_DEPRECATED_OBJC_IMPLEMENTATIONS = YES;
				CLANG_WARN_DIRECT_OBJC_ISA_USAGE = YES_ERROR;
				CLANG_WARN_DOCUMENTATION_COMMENTS = YES;
				CLANG_WARN_EMPTY_BODY = YES;
				CLANG_WARN_ENUM_CONVERSION = YES;
				CLANG_WARN_INFINITE_RECURSION = YES;
				CLANG_WARN_INT_CONVERSION = YES;
				CLANG_WARN_NON_LITERAL_NULL_CONVERSION = YES;
				CLANG_WARN_OBJC_IMPLICIT_RETAIN_SELF = YES;
				CLANG_WARN_OBJC_LITERAL_CONVERSION = YES;
				CLANG_WARN_OBJC_ROOT_CLASS = YES_ERROR;
				CLANG_WARN_QUOTED_INCLUDE_IN_FRAMEWORK_HEADER = YES;
				CLANG_WARN_RANGE_LOOP_ANALYSIS = YES;
				CLANG_WARN_STRICT_PROTOTYPES = YES;
				CLANG_WARN_SUSPICIOUS_MOVE = YES;
				CLANG_WARN_UNGUARDED_AVAILABILITY = YES_AGGRESSIVE;
				CLANG_WARN_UNREACHABLE_CODE = YES;
				CLANG_WARN__DUPLICATE_METHOD_MATCH = YES;
				COPY_PHASE_STRIP = NO;
				DEBUG_INFORMATION_FORMAT = dwarf;
				ENABLE_STRICT_OBJC_MSGSEND = YES;
				ENABLE_TESTABILITY = YES;
				GCC_C_LANGUAGE_STANDARD = gnu11;
				GCC_DYNAMIC_NO_PIC = NO;
				GCC_NO_COMMON_BLOCKS = YES;
				GCC_OPTIMIZATION_LEVEL = 0;
				GCC_PREPROCESSOR_DEFINITIONS = (
					"DEBUG=1",
					"$(inherited)",
				);
				GCC_WARN_64_TO_32_BIT_CONVERSION = YES;
				GCC_WARN_ABOUT_RETURN_TYPE = YES_ERROR;
				GCC_WARN_UNDECLARED_SELECTOR = YES;
				GCC_WARN_UNINITIALIZED_AUTOS = YES_AGGRESSIVE;
				GCC_WARN_UNUSED_FUNCTION = YES;
				GCC_WARN_UNUSED_VARIABLE = YES;
				IPHONEOS_DEPLOYMENT_TARGET = 14.3;
				MTL_ENABLE_DEBUG_INFO = INCLUDE_SOURCE;
				MTL_FAST_MATH = YES;
				ONLY_ACTIVE_ARCH = YES;
				SDKROOT = iphoneos;
				SWIFT_ACTIVE_COMPILATION_CONDITIONS = DEBUG;
				SWIFT_OPTIMIZATION_LEVEL = "-Onone";
			};
			name = Debug;
		};
		00649F032586BED300FE61BA /* Release */ = {
			isa = XCBuildConfiguration;
			buildSettings = {
				ALWAYS_SEARCH_USER_PATHS = NO;
				CLANG_ANALYZER_NONNULL = YES;
				CLANG_ANALYZER_NUMBER_OBJECT_CONVERSION = YES_AGGRESSIVE;
				CLANG_CXX_LANGUAGE_STANDARD = "gnu++14";
				CLANG_CXX_LIBRARY = "libc++";
				CLANG_ENABLE_MODULES = YES;
				CLANG_ENABLE_OBJC_ARC = YES;
				CLANG_ENABLE_OBJC_WEAK = YES;
				CLANG_WARN_BLOCK_CAPTURE_AUTORELEASING = YES;
				CLANG_WARN_BOOL_CONVERSION = YES;
				CLANG_WARN_COMMA = YES;
				CLANG_WARN_CONSTANT_CONVERSION = YES;
				CLANG_WARN_DEPRECATED_OBJC_IMPLEMENTATIONS = YES;
				CLANG_WARN_DIRECT_OBJC_ISA_USAGE = YES_ERROR;
				CLANG_WARN_DOCUMENTATION_COMMENTS = YES;
				CLANG_WARN_EMPTY_BODY = YES;
				CLANG_WARN_ENUM_CONVERSION = YES;
				CLANG_WARN_INFINITE_RECURSION = YES;
				CLANG_WARN_INT_CONVERSION = YES;
				CLANG_WARN_NON_LITERAL_NULL_CONVERSION = YES;
				CLANG_WARN_OBJC_IMPLICIT_RETAIN_SELF = YES;
				CLANG_WARN_OBJC_LITERAL_CONVERSION = YES;
				CLANG_WARN_OBJC_ROOT_CLASS = YES_ERROR;
				CLANG_WARN_QUOTED_INCLUDE_IN_FRAMEWORK_HEADER = YES;
				CLANG_WARN_RANGE_LOOP_ANALYSIS = YES;
				CLANG_WARN_STRICT_PROTOTYPES = YES;
				CLANG_WARN_SUSPICIOUS_MOVE = YES;
				CLANG_WARN_UNGUARDED_AVAILABILITY = YES_AGGRESSIVE;
				CLANG_WARN_UNREACHABLE_CODE = YES;
				CLANG_WARN__DUPLICATE_METHOD_MATCH = YES;
				COPY_PHASE_STRIP = NO;
				DEBUG_INFORMATION_FORMAT = "dwarf-with-dsym";
				ENABLE_NS_ASSERTIONS = NO;
				ENABLE_STRICT_OBJC_MSGSEND = YES;
				GCC_C_LANGUAGE_STANDARD = gnu11;
				GCC_NO_COMMON_BLOCKS = YES;
				GCC_WARN_64_TO_32_BIT_CONVERSION = YES;
				GCC_WARN_ABOUT_RETURN_TYPE = YES_ERROR;
				GCC_WARN_UNDECLARED_SELECTOR = YES;
				GCC_WARN_UNINITIALIZED_AUTOS = YES_AGGRESSIVE;
				GCC_WARN_UNUSED_FUNCTION = YES;
				GCC_WARN_UNUSED_VARIABLE = YES;
				IPHONEOS_DEPLOYMENT_TARGET = 14.3;
				MTL_ENABLE_DEBUG_INFO = NO;
				MTL_FAST_MATH = YES;
				SDKROOT = iphoneos;
				SWIFT_COMPILATION_MODE = wholemodule;
				SWIFT_OPTIMIZATION_LEVEL = "-O";
				VALIDATE_PRODUCT = YES;
			};
			name = Release;
		};
		00649F052586BED300FE61BA /* Debug */ = {
			isa = XCBuildConfiguration;
			buildSettings = {
				ASSETCATALOG_COMPILER_APPICON_NAME = AppIcon;
				ASSETCATALOG_COMPILER_GLOBAL_ACCENT_COLOR_NAME = AccentColor;
				CODE_SIGN_STYLE = Automatic;
				DEVELOPMENT_TEAM = B7MC8X9UWC;
				INFOPLIST_FILE = QuizApp/Info.plist;
				LD_RUNPATH_SEARCH_PATHS = (
					"$(inherited)",
					"@executable_path/Frameworks",
				);
				PRODUCT_BUNDLE_IDENTIFIER = ch.codinggod.QuizApp;
				PRODUCT_NAME = "$(TARGET_NAME)";
				SWIFT_VERSION = 5.0;
				TARGETED_DEVICE_FAMILY = "1,2";
			};
			name = Debug;
		};
		00649F062586BED300FE61BA /* Release */ = {
			isa = XCBuildConfiguration;
			buildSettings = {
				ASSETCATALOG_COMPILER_APPICON_NAME = AppIcon;
				ASSETCATALOG_COMPILER_GLOBAL_ACCENT_COLOR_NAME = AccentColor;
				CODE_SIGN_STYLE = Automatic;
				DEVELOPMENT_TEAM = B7MC8X9UWC;
				INFOPLIST_FILE = QuizApp/Info.plist;
				LD_RUNPATH_SEARCH_PATHS = (
					"$(inherited)",
					"@executable_path/Frameworks",
				);
				PRODUCT_BUNDLE_IDENTIFIER = ch.codinggod.QuizApp;
				PRODUCT_NAME = "$(TARGET_NAME)";
				SWIFT_VERSION = 5.0;
				TARGETED_DEVICE_FAMILY = "1,2";
			};
			name = Release;
		};
		00649F082586BED300FE61BA /* Debug */ = {
			isa = XCBuildConfiguration;
			buildSettings = {
				ALWAYS_EMBED_SWIFT_STANDARD_LIBRARIES = YES;
				BUNDLE_LOADER = "$(TEST_HOST)";
				CODE_SIGN_STYLE = Automatic;
				DEVELOPMENT_TEAM = B7MC8X9UWC;
				INFOPLIST_FILE = QuizAppTests/Info.plist;
				IPHONEOS_DEPLOYMENT_TARGET = 14.3;
				LD_RUNPATH_SEARCH_PATHS = (
					"$(inherited)",
					"@executable_path/Frameworks",
					"@loader_path/Frameworks",
				);
				PRODUCT_BUNDLE_IDENTIFIER = ch.codinggod.QuizAppTests;
				PRODUCT_NAME = "$(TARGET_NAME)";
				SWIFT_VERSION = 5.0;
				TARGETED_DEVICE_FAMILY = "1,2";
				TEST_HOST = "$(BUILT_PRODUCTS_DIR)/QuizApp.app/QuizApp";
			};
			name = Debug;
		};
		00649F092586BED300FE61BA /* Release */ = {
			isa = XCBuildConfiguration;
			buildSettings = {
				ALWAYS_EMBED_SWIFT_STANDARD_LIBRARIES = YES;
				BUNDLE_LOADER = "$(TEST_HOST)";
				CODE_SIGN_STYLE = Automatic;
				DEVELOPMENT_TEAM = B7MC8X9UWC;
				INFOPLIST_FILE = QuizAppTests/Info.plist;
				IPHONEOS_DEPLOYMENT_TARGET = 14.3;
				LD_RUNPATH_SEARCH_PATHS = (
					"$(inherited)",
					"@executable_path/Frameworks",
					"@loader_path/Frameworks",
				);
				PRODUCT_BUNDLE_IDENTIFIER = ch.codinggod.QuizAppTests;
				PRODUCT_NAME = "$(TARGET_NAME)";
				SWIFT_VERSION = 5.0;
				TARGETED_DEVICE_FAMILY = "1,2";
				TEST_HOST = "$(BUILT_PRODUCTS_DIR)/QuizApp.app/QuizApp";
			};
			name = Release;
		};
		00649F0B2586BED300FE61BA /* Debug */ = {
			isa = XCBuildConfiguration;
			buildSettings = {
				ALWAYS_EMBED_SWIFT_STANDARD_LIBRARIES = YES;
				CODE_SIGN_STYLE = Automatic;
				DEVELOPMENT_TEAM = B7MC8X9UWC;
				INFOPLIST_FILE = QuizAppUITests/Info.plist;
				LD_RUNPATH_SEARCH_PATHS = (
					"$(inherited)",
					"@executable_path/Frameworks",
					"@loader_path/Frameworks",
				);
				PRODUCT_BUNDLE_IDENTIFIER = ch.codinggod.QuizAppUITests;
				PRODUCT_NAME = "$(TARGET_NAME)";
				SWIFT_VERSION = 5.0;
				TARGETED_DEVICE_FAMILY = "1,2";
				TEST_TARGET_NAME = QuizApp;
			};
			name = Debug;
		};
		00649F0C2586BED300FE61BA /* Release */ = {
			isa = XCBuildConfiguration;
			buildSettings = {
				ALWAYS_EMBED_SWIFT_STANDARD_LIBRARIES = YES;
				CODE_SIGN_STYLE = Automatic;
				DEVELOPMENT_TEAM = B7MC8X9UWC;
				INFOPLIST_FILE = QuizAppUITests/Info.plist;
				LD_RUNPATH_SEARCH_PATHS = (
					"$(inherited)",
					"@executable_path/Frameworks",
					"@loader_path/Frameworks",
				);
				PRODUCT_BUNDLE_IDENTIFIER = ch.codinggod.QuizAppUITests;
				PRODUCT_NAME = "$(TARGET_NAME)";
				SWIFT_VERSION = 5.0;
				TARGETED_DEVICE_FAMILY = "1,2";
				TEST_TARGET_NAME = QuizApp;
			};
			name = Release;
		};
/* End XCBuildConfiguration section */

/* Begin XCConfigurationList section */
		00649ED52586BECD00FE61BA /* Build configuration list for PBXProject "QuizApp" */ = {
			isa = XCConfigurationList;
			buildConfigurations = (
				00649F022586BED300FE61BA /* Debug */,
				00649F032586BED300FE61BA /* Release */,
			);
			defaultConfigurationIsVisible = 0;
			defaultConfigurationName = Release;
		};
		00649F042586BED300FE61BA /* Build configuration list for PBXNativeTarget "QuizApp" */ = {
			isa = XCConfigurationList;
			buildConfigurations = (
				00649F052586BED300FE61BA /* Debug */,
				00649F062586BED300FE61BA /* Release */,
			);
			defaultConfigurationIsVisible = 0;
			defaultConfigurationName = Release;
		};
		00649F072586BED300FE61BA /* Build configuration list for PBXNativeTarget "QuizAppTests" */ = {
			isa = XCConfigurationList;
			buildConfigurations = (
				00649F082586BED300FE61BA /* Debug */,
				00649F092586BED300FE61BA /* Release */,
			);
			defaultConfigurationIsVisible = 0;
			defaultConfigurationName = Release;
		};
		00649F0A2586BED300FE61BA /* Build configuration list for PBXNativeTarget "QuizAppUITests" */ = {
			isa = XCConfigurationList;
			buildConfigurations = (
				00649F0B2586BED300FE61BA /* Debug */,
				00649F0C2586BED300FE61BA /* Release */,
			);
			defaultConfigurationIsVisible = 0;
			defaultConfigurationName = Release;
		};
/* End XCConfigurationList section */
	};
	rootObject = 00649ED22586BECD00FE61BA /* Project object */;
}
